// !$*UTF8*$!
{
	archiveVersion = 1;
	classes = {
	};
	objectVersion = 46;
	objects = {

/* Begin PBXBuildFile section */
		_LinkFileRef_NetInfo_via_NetInfoTests /* NetInfo.framework in Frameworks */ = {isa = PBXBuildFile; fileRef = "_____Product_NetInfo" /* NetInfo.framework */; };
		__src_cc_ref_Sources/NetInfo.swift /* NetInfo.swift in Sources */ = {isa = PBXBuildFile; fileRef = __PBXFileRef_Sources/NetInfo.swift /* NetInfo.swift */; };
		__src_cc_ref_Tests/NetInfoTests/NetInfoTests.swift /* NetInfoTests.swift in Sources */ = {isa = PBXBuildFile; fileRef = __PBXFileRef_Tests/NetInfoTests/NetInfoTests.swift /* NetInfoTests.swift */; };
/* End PBXBuildFile section */

/* Begin PBXContainerItemProxy section */
		BC4DB9CD1D707CDD000DEB06 /* PBXContainerItemProxy */ = {
			isa = PBXContainerItemProxy;
			containerPortal = __RootObject_ /* Project object */;
			proxyType = 1;
			remoteGlobalIDString = "______Target_NetInfo";
			remoteInfo = NetInfo;
		};
/* End PBXContainerItemProxy section */

/* Begin PBXFileReference section */
		__PBXFileRef_Package.swift /* Package.swift */ = {isa = PBXFileReference; lastKnownFileType = sourcecode.swift; path = Package.swift; sourceTree = "<group>"; };
		__PBXFileRef_Sources/NetInfo.swift /* NetInfo.swift */ = {isa = PBXFileReference; lastKnownFileType = sourcecode.swift; path = NetInfo.swift; sourceTree = "<group>"; };
		__PBXFileRef_Tests/NetInfoTests/NetInfoTests.swift /* NetInfoTests.swift */ = {isa = PBXFileReference; lastKnownFileType = sourcecode.swift; path = NetInfoTests.swift; sourceTree = "<group>"; };
		"_____Product_NetInfo" /* NetInfo.framework */ = {isa = PBXFileReference; explicitFileType = wrapper.framework; path = NetInfo.framework; sourceTree = BUILT_PRODUCTS_DIR; };
		"_____Product_NetInfoTests" /* .xctest */ = {isa = PBXFileReference; explicitFileType = wrapper.cfbundle; path = .xctest; sourceTree = BUILT_PRODUCTS_DIR; };
/* End PBXFileReference section */

/* Begin PBXFrameworksBuildPhase section */
		"___LinkPhase_NetInfo" /* Frameworks */ = {
			isa = PBXFrameworksBuildPhase;
			buildActionMask = 0;
			files = (
			);
			runOnlyForDeploymentPostprocessing = 0;
		};
		"___LinkPhase_NetInfoTests" /* Frameworks */ = {
			isa = PBXFrameworksBuildPhase;
			buildActionMask = 0;
			files = (
				_LinkFileRef_NetInfo_via_NetInfoTests /* NetInfo.framework in Frameworks */,
			);
			runOnlyForDeploymentPostprocessing = 0;
		};
/* End PBXFrameworksBuildPhase section */

/* Begin PBXGroup section */
		TestProducts_ /* Tests */ = {
			isa = PBXGroup;
			children = (
				"_____Product_NetInfoTests" /* .xctest */,
			);
			name = Tests;
			sourceTree = "<group>";
		};
		"___RootGroup_" = {
			isa = PBXGroup;
			children = (
				__PBXFileRef_Package.swift /* Package.swift */,
				"_____Sources_" /* Sources */,
				"_______Tests_" /* Tests */,
				"____Products_" /* Products */,
			);
			sourceTree = "<group>";
		};
		"____Products_" /* Products */ = {
			isa = PBXGroup;
			children = (
				TestProducts_ /* Tests */,
				"_____Product_NetInfo" /* NetInfo.framework */,
			);
			name = Products;
			sourceTree = "<group>";
		};
		"_____Sources_" /* Sources */ = {
			isa = PBXGroup;
			children = (
				"_______Group_NetInfo" /* NetInfo */,
			);
			name = Sources;
			sourceTree = "<group>";
		};
		"_______Group_NetInfo" /* NetInfo */ = {
			isa = PBXGroup;
			children = (
				__PBXFileRef_Sources/NetInfo.swift /* NetInfo.swift */,
			);
			name = NetInfo;
			path = Sources;
			sourceTree = "<group>";
		};
		"_______Group_NetInfoTests" /* NetInfoTests */ = {
			isa = PBXGroup;
			children = (
				__PBXFileRef_Tests/NetInfoTests/NetInfoTests.swift /* NetInfoTests.swift */,
			);
			name = NetInfoTests;
			path = Tests/NetInfoTests;
			sourceTree = "<group>";
		};
		"_______Tests_" /* Tests */ = {
			isa = PBXGroup;
			children = (
				"_______Group_NetInfoTests" /* NetInfoTests */,
			);
			name = Tests;
			sourceTree = "<group>";
		};
/* End PBXGroup section */

/* Begin PBXNativeTarget section */
		"______Target_NetInfo" /* NetInfo */ = {
			isa = PBXNativeTarget;
			buildConfigurationList = "_______Confs_NetInfo" /* Build configuration list for PBXNativeTarget "NetInfo" */;
			buildPhases = (
				CompilePhase_NetInfo /* Sources */,
				"___LinkPhase_NetInfo" /* Frameworks */,
			);
			buildRules = (
			);
			dependencies = (
			);
			name = NetInfo;
			productName = NetInfo;
			productReference = "_____Product_NetInfo" /* NetInfo.framework */;
			productType = "com.apple.product-type.framework";
		};
		"______Target_NetInfoTests" /* NetInfoTests */ = {
			isa = PBXNativeTarget;
			buildConfigurationList = "_______Confs_NetInfoTests" /* Build configuration list for PBXNativeTarget "NetInfoTests" */;
			buildPhases = (
				CompilePhase_NetInfoTests /* Sources */,
				"___LinkPhase_NetInfoTests" /* Frameworks */,
			);
			buildRules = (
			);
			dependencies = (
				__Dependency_NetInfo /* PBXTargetDependency */,
			);
			name = NetInfoTests;
			productName = NetInfoTests;
			productReference = "_____Product_NetInfoTests" /* .xctest */;
			productType = "com.apple.product-type.bundle.unit-test";
		};
/* End PBXNativeTarget section */

/* Begin PBXProject section */
		__RootObject_ /* Project object */ = {
			isa = PBXProject;
			attributes = {
				LastUpgradeCheck = 9999;
			};
			buildConfigurationList = "___RootConfs_" /* Build configuration list for PBXProject "NetInfo" */;
			compatibilityVersion = "Xcode 3.2";
			developmentRegion = English;
			hasScannedForEncodings = 0;
			knownRegions = (
				en,
			);
			mainGroup = "___RootGroup_";
			productRefGroup = "____Products_" /* Products */;
			projectDirPath = "";
			projectRoot = "";
			targets = (
				"______Target_NetInfo" /* NetInfo */,
				"______Target_NetInfoTests" /* NetInfoTests */,
			);
		};
/* End PBXProject section */

/* Begin PBXSourcesBuildPhase section */
		CompilePhase_NetInfo /* Sources */ = {
			isa = PBXSourcesBuildPhase;
			buildActionMask = 0;
			files = (
				__src_cc_ref_Sources/NetInfo.swift /* NetInfo.swift in Sources */,
			);
			runOnlyForDeploymentPostprocessing = 0;
		};
		CompilePhase_NetInfoTests /* Sources */ = {
			isa = PBXSourcesBuildPhase;
			buildActionMask = 0;
			files = (
				__src_cc_ref_Tests/NetInfoTests/NetInfoTests.swift /* NetInfoTests.swift in Sources */,
			);
			runOnlyForDeploymentPostprocessing = 0;
		};
/* End PBXSourcesBuildPhase section */

/* Begin PBXTargetDependency section */
		__Dependency_NetInfo /* PBXTargetDependency */ = {
			isa = PBXTargetDependency;
			target = "______Target_NetInfo" /* NetInfo */;
			targetProxy = BC4DB9CD1D707CDD000DEB06 /* PBXContainerItemProxy */;
		};
/* End PBXTargetDependency section */

/* Begin XCBuildConfiguration section */
		_ReleaseConf_NetInfo /* Release */ = {
			isa = XCBuildConfiguration;
			buildSettings = {
				ENABLE_TESTABILITY = YES;
				FRAMEWORK_SEARCH_PATHS = "$(PLATFORM_DIR)/Developer/Library/Frameworks";
				INFOPLIST_FILE = NetInfo.xcodeproj/NetInfo_Info.plist;
				LD_RUNPATH_SEARCH_PATHS = "$(TOOLCHAIN_DIR)/usr/lib/swift/macosx";
				OTHER_LDFLAGS = "$(inherited)";
				OTHER_SWIFT_FLAGS = "$(inherited)";
				PRODUCT_BUNDLE_IDENTIFIER = NetInfo;
				PRODUCT_MODULE_NAME = "$(TARGET_NAME:c99extidentifier)";
				PRODUCT_NAME = "$(TARGET_NAME:c99extidentifier)";
				SDKROOT = iphoneos10.0;
				SUPPORTED_PLATFORMS = "iphoneos iphonesimulator appletvos appletvsimulator watchos watchsimulator";
				SWIFT_VERSION = 3.0;
			};
			name = Release;
		};
		_ReleaseConf_NetInfoTests /* Release */ = {
			isa = XCBuildConfiguration;
			buildSettings = {
				EMBEDDED_CONTENT_CONTAINS_SWIFT = YES;
				FRAMEWORK_SEARCH_PATHS = "$(PLATFORM_DIR)/Developer/Library/Frameworks";
				INFOPLIST_FILE = NetInfo.xcodeproj/NetInfoTests_Info.plist;
				LD_RUNPATH_SEARCH_PATHS = "@loader_path/../Frameworks";
				OTHER_LDFLAGS = "$(inherited)";
				OTHER_SWIFT_FLAGS = "$(inherited)";
				SWIFT_VERSION = 3.0;
			};
			name = Release;
		};
		"___DebugConf_NetInfo" /* Debug */ = {
			isa = XCBuildConfiguration;
			buildSettings = {
				ENABLE_TESTABILITY = YES;
				FRAMEWORK_SEARCH_PATHS = "$(PLATFORM_DIR)/Developer/Library/Frameworks";
				INFOPLIST_FILE = NetInfo.xcodeproj/NetInfo_Info.plist;
				LD_RUNPATH_SEARCH_PATHS = "$(TOOLCHAIN_DIR)/usr/lib/swift/macosx";
				OTHER_LDFLAGS = "$(inherited)";
				OTHER_SWIFT_FLAGS = "$(inherited)";
				PRODUCT_BUNDLE_IDENTIFIER = NetInfo;
				PRODUCT_MODULE_NAME = "$(TARGET_NAME:c99extidentifier)";
				PRODUCT_NAME = "$(TARGET_NAME:c99extidentifier)";
				SDKROOT = iphoneos10.0;
				SUPPORTED_PLATFORMS = "iphoneos iphonesimulator appletvos appletvsimulator watchos watchsimulator";
				SWIFT_OPTIMIZATION_LEVEL = "-Onone";
				SWIFT_VERSION = 3.0;
			};
			name = Debug;
		};
		"___DebugConf_NetInfoTests" /* Debug */ = {
			isa = XCBuildConfiguration;
			buildSettings = {
				EMBEDDED_CONTENT_CONTAINS_SWIFT = YES;
				FRAMEWORK_SEARCH_PATHS = "$(PLATFORM_DIR)/Developer/Library/Frameworks";
				INFOPLIST_FILE = NetInfo.xcodeproj/NetInfoTests_Info.plist;
				LD_RUNPATH_SEARCH_PATHS = "@loader_path/../Frameworks";
				OTHER_LDFLAGS = "$(inherited)";
				OTHER_SWIFT_FLAGS = "$(inherited)";
				SWIFT_OPTIMIZATION_LEVEL = "-Onone";
				SWIFT_VERSION = 3.0;
			};
			name = Debug;
		};
		"_____Release_" /* Release */ = {
			isa = XCBuildConfiguration;
			buildSettings = {
				SDKROOT = iphoneos10.0;
				SUPPORTED_PLATFORMS = "iphonesimulator iphoneos";
			};
			name = Release;
		};
		"_______Debug_" /* Debug */ = {
			isa = XCBuildConfiguration;
			buildSettings = {
				SDKROOT = iphoneos10.0;
				SUPPORTED_PLATFORMS = "iphonesimulator iphoneos";
			};
			name = Debug;
		};
/* End XCBuildConfiguration section */

/* Begin XCConfigurationList section */
		"___RootConfs_" /* Build configuration list for PBXProject "NetInfo" */ = {
			isa = XCConfigurationList;
			buildConfigurations = (
				"_______Debug_" /* Debug */,
				"_____Release_" /* Release */,
			);
			defaultConfigurationIsVisible = 0;
			defaultConfigurationName = Debug;
		};
		"_______Confs_NetInfo" /* Build configuration list for PBXNativeTarget "NetInfo" */ = {
			isa = XCConfigurationList;
			buildConfigurations = (
				"___DebugConf_NetInfo" /* Debug */,
				_ReleaseConf_NetInfo /* Release */,
			);
			defaultConfigurationIsVisible = 0;
			defaultConfigurationName = Debug;
		};
		"_______Confs_NetInfoTests" /* Build configuration list for PBXNativeTarget "NetInfoTests" */ = {
			isa = XCConfigurationList;
			buildConfigurations = (
				"___DebugConf_NetInfoTests" /* Debug */,
				_ReleaseConf_NetInfoTests /* Release */,
			);
			defaultConfigurationIsVisible = 0;
			defaultConfigurationName = Debug;
		};
/* End XCConfigurationList section */
	};
	rootObject = __RootObject_ /* Project object */;
}
